
Microsoft Visual Studio Solution File, Format Version 12.00
# Visual Studio Version 17
VisualStudioVersion = 17.0.32014.148
MinimumVisualStudioVersion = 10.0.40219.1
Project("{FAE04EC0-301F-11D3-BF4B-00C04F79EFBC}") = "TextEditWithDBCMS", "TextEditWithDBCMS\TextEditWithDBCMS.csproj", "{C0CE106F-F86B-46A2-8115-433FE8BC2CAD}"
EndProject
Global
	GlobalSection(SolutionConfigurationPlatforms) = preSolution
		Debug|Any CPU = Debug|Any CPU
		Release|Any CPU = Release|Any CPU
	EndGlobalSection
	GlobalSection(ProjectConfigurationPlatforms) = postSolution
		{C0CE106F-F86B-46A2-8115-433FE8BC2CAD}.Debug|Any CPU.ActiveCfg = Debug|Any CPU
		{C0CE106F-F86B-46A2-8115-433FE8BC2CAD}.Debug|Any CPU.Build.0 = Debug|Any CPU
		{C0CE106F-F86B-46A2-8115-433FE8BC2CAD}.Release|Any CPU.ActiveCfg = Release|Any CPU
		{C0CE106F-F86B-46A2-8115-433FE8BC2CAD}.Release|Any CPU.Build.0 = Release|Any CPU
	EndGlobalSection
	GlobalSection(SolutionProperties) = preSolution
		HideSolutionNode = FALSE
	EndGlobalSection
	GlobalSection(ExtensibilityGlobals) = postSolution
		SolutionGuid = {3251D049-F727-46AE-8EFB-56EEB8CF3693}
	EndGlobalSection
EndGlobal
